
Microsoft Visual Studio Solution File, Format Version 12.00
# Visual Studio Version 16
VisualStudioVersion = 16.0.29905.134
MinimumVisualStudioVersion = 10.0.40219.1
Project("{9A19103F-16F7-4668-BE54-9A1E7A4F7556}") = "StoreKepper", "StoreKepper\StoreKepper.csproj", "{556E3DB7-A05B-41BA-AF44-34A2B83A67D9}"
EndProject
Project("{FAE04EC0-301F-11D3-BF4B-00C04F79EFBC}") = "StoreKeeper.Data", "StoreKeeper.Data\StoreKeeper.Data.csproj", "{7E3723A0-8DFD-4E12-8632-ED7D72602C6D}"
EndProject
Project("{FAE04EC0-301F-11D3-BF4B-00C04F79EFBC}") = "StoreKeeper.Domain", "StoreKeeper.Domain\StoreKeeper.Domain.csproj", "{B3C81AC1-0AE7-44EF-8860-E22B9A664C76}"
EndProject
Project("{FAE04EC0-301F-11D3-BF4B-00C04F79EFBC}") = "StoreKeeper.Common", "StoreKeeper.Common\StoreKeeper.Common.csproj", "{D92FA185-218B-41DC-AA1B-993C6E44F5B9}"
EndProject
Global
	GlobalSection(SolutionConfigurationPlatforms) = preSolution
		Debug|Any CPU = Debug|Any CPU
		Release|Any CPU = Release|Any CPU
	EndGlobalSection
	GlobalSection(ProjectConfigurationPlatforms) = postSolution
		{556E3DB7-A05B-41BA-AF44-34A2B83A67D9}.Debug|Any CPU.ActiveCfg = Debug|Any CPU
		{556E3DB7-A05B-41BA-AF44-34A2B83A67D9}.Debug|Any CPU.Build.0 = Debug|Any CPU
		{556E3DB7-A05B-41BA-AF44-34A2B83A67D9}.Release|Any CPU.ActiveCfg = Release|Any CPU
		{556E3DB7-A05B-41BA-AF44-34A2B83A67D9}.Release|Any CPU.Build.0 = Release|Any CPU
		{7E3723A0-8DFD-4E12-8632-ED7D72602C6D}.Debug|Any CPU.ActiveCfg = Debug|Any CPU
		{7E3723A0-8DFD-4E12-8632-ED7D72602C6D}.Debug|Any CPU.Build.0 = Debug|Any CPU
		{7E3723A0-8DFD-4E12-8632-ED7D72602C6D}.Release|Any CPU.ActiveCfg = Release|Any CPU
		{7E3723A0-8DFD-4E12-8632-ED7D72602C6D}.Release|Any CPU.Build.0 = Release|Any CPU
		{B3C81AC1-0AE7-44EF-8860-E22B9A664C76}.Debug|Any CPU.ActiveCfg = Debug|Any CPU
		{B3C81AC1-0AE7-44EF-8860-E22B9A664C76}.Debug|Any CPU.Build.0 = Debug|Any CPU
		{B3C81AC1-0AE7-44EF-8860-E22B9A664C76}.Release|Any CPU.ActiveCfg = Release|Any CPU
		{B3C81AC1-0AE7-44EF-8860-E22B9A664C76}.Release|Any CPU.Build.0 = Release|Any CPU
		{D92FA185-218B-41DC-AA1B-993C6E44F5B9}.Debug|Any CPU.ActiveCfg = Debug|Any CPU
		{D92FA185-218B-41DC-AA1B-993C6E44F5B9}.Debug|Any CPU.Build.0 = Debug|Any CPU
		{D92FA185-218B-41DC-AA1B-993C6E44F5B9}.Release|Any CPU.ActiveCfg = Release|Any CPU
		{D92FA185-218B-41DC-AA1B-993C6E44F5B9}.Release|Any CPU.Build.0 = Release|Any CPU
	EndGlobalSection
	GlobalSection(SolutionProperties) = preSolution
		HideSolutionNode = FALSE
	EndGlobalSection
	GlobalSection(ExtensibilityGlobals) = postSolution
		SolutionGuid = {4F913A70-D4EF-458C-9717-E9C62D063744}
	EndGlobalSection
EndGlobal
